
Microsoft Visual Studio Solution File, Format Version 12.00
# Visual Studio Version 16
VisualStudioVersion = 25.0.1704.2
MinimumVisualStudioVersion = 10.0.40219.1
Project("{FAE04EC0-301F-11D3-BF4B-00C04F79EFBC}") = "Exporter", "Exporter\Exporter.csproj", "{8ABB0FFE-4FAA-473B-8CD1-472E2A860BFC}"
EndProject
Project("{FAE04EC0-301F-11D3-BF4B-00C04F79EFBC}") = "PasswordHashTester", "PasswordHashTester\PasswordHashTester.csproj", "{A8C6C4C9-8775-4A97-AADB-FBC0859C1209}"
EndProject
Global
	GlobalSection(SolutionConfigurationPlatforms) = preSolution
		Debug|Any CPU = Debug|Any CPU
		Release|Any CPU = Release|Any CPU
	EndGlobalSection
	GlobalSection(ProjectConfigurationPlatforms) = postSolution
		{8ABB0FFE-4FAA-473B-8CD1-472E2A860BFC}.Debug|Any CPU.ActiveCfg = Debug|Any CPU
		{8ABB0FFE-4FAA-473B-8CD1-472E2A860BFC}.Debug|Any CPU.Build.0 = Debug|Any CPU
		{8ABB0FFE-4FAA-473B-8CD1-472E2A860BFC}.Release|Any CPU.ActiveCfg = Release|Any CPU
		{8ABB0FFE-4FAA-473B-8CD1-472E2A860BFC}.Release|Any CPU.Build.0 = Release|Any CPU
		{A8C6C4C9-8775-4A97-AADB-FBC0859C1209}.Debug|Any CPU.ActiveCfg = Debug|Any CPU
		{A8C6C4C9-8775-4A97-AADB-FBC0859C1209}.Debug|Any CPU.Build.0 = Debug|Any CPU
		{A8C6C4C9-8775-4A97-AADB-FBC0859C1209}.Release|Any CPU.ActiveCfg = Release|Any CPU
		{A8C6C4C9-8775-4A97-AADB-FBC0859C1209}.Release|Any CPU.Build.0 = Release|Any CPU
	EndGlobalSection
	GlobalSection(SolutionProperties) = preSolution
		HideSolutionNode = FALSE
	EndGlobalSection
	GlobalSection(ExtensibilityGlobals) = postSolution
		SolutionGuid = {A1C24A83-C70A-41F2-9775-6A0E12C9B9AE}
	EndGlobalSection
EndGlobal
